
Microsoft Visual Studio Solution File, Format Version 12.00
# Visual Studio Version 17
VisualStudioVersion = 17.3.32929.385
MinimumVisualStudioVersion = 10.0.40219.1
Project("{FAE04EC0-301F-11D3-BF4B-00C04F79EFBC}") = "Mock", "Mock\Mock.csproj", "{22C66EDF-C3AC-4CDD-B3AF-C5DF359DB256}"
EndProject
Global
	GlobalSection(SolutionConfigurationPlatforms) = preSolution
		Debug|Any CPU = Debug|Any CPU
		Release|Any CPU = Release|Any CPU
	EndGlobalSection
	GlobalSection(ProjectConfigurationPlatforms) = postSolution
		{22C66EDF-C3AC-4CDD-B3AF-C5DF359DB256}.Debug|Any CPU.ActiveCfg = Debug|Any CPU
		{22C66EDF-C3AC-4CDD-B3AF-C5DF359DB256}.Debug|Any CPU.Build.0 = Debug|Any CPU
		{22C66EDF-C3AC-4CDD-B3AF-C5DF359DB256}.Release|Any CPU.ActiveCfg = Release|Any CPU
		{22C66EDF-C3AC-4CDD-B3AF-C5DF359DB256}.Release|Any CPU.Build.0 = Release|Any CPU
	EndGlobalSection
	GlobalSection(SolutionProperties) = preSolution
		HideSolutionNode = FALSE
	EndGlobalSection
	GlobalSection(ExtensibilityGlobals) = postSolution
		SolutionGuid = {AC88812D-9587-46EE-8B2A-5FEDF3DA5208}
	EndGlobalSection
EndGlobal
