
Microsoft Visual Studio Solution File, Format Version 12.00
# Visual Studio Version 17
VisualStudioVersion = 17.3.32929.385
MinimumVisualStudioVersion = 10.0.40219.1
Project("{FAE04EC0-301F-11D3-BF4B-00C04F79EFBC}") = "NombreAleatoire", "NombreAleatoire\NombreAleatoire.csproj", "{23E8203E-7512-4E36-9C8B-9DDCC86B21EE}"
EndProject
Global
	GlobalSection(SolutionConfigurationPlatforms) = preSolution
		Debug|Any CPU = Debug|Any CPU
		Release|Any CPU = Release|Any CPU
	EndGlobalSection
	GlobalSection(ProjectConfigurationPlatforms) = postSolution
		{23E8203E-7512-4E36-9C8B-9DDCC86B21EE}.Debug|Any CPU.ActiveCfg = Debug|Any CPU
		{23E8203E-7512-4E36-9C8B-9DDCC86B21EE}.Debug|Any CPU.Build.0 = Debug|Any CPU
		{23E8203E-7512-4E36-9C8B-9DDCC86B21EE}.Release|Any CPU.ActiveCfg = Release|Any CPU
		{23E8203E-7512-4E36-9C8B-9DDCC86B21EE}.Release|Any CPU.Build.0 = Release|Any CPU
	EndGlobalSection
	GlobalSection(SolutionProperties) = preSolution
		HideSolutionNode = FALSE
	EndGlobalSection
	GlobalSection(ExtensibilityGlobals) = postSolution
		SolutionGuid = {01D1E731-C5B3-47A8-9745-F0F0FF7930CD}
	EndGlobalSection
EndGlobal
